// !$*UTF8*$!
{
	archiveVersion = 1;
	classes = {
	};
	objectVersion = 52;
	objects = {

/* Begin PBXBuildFile section */
		B63B88F522A7BCD900207C32 /* CardHistoryList.swift in Sources */ = {isa = PBXBuildFile; fileRef = B63B88F422A7BCD900207C32 /* CardHistoryList.swift */; };
		B66B91A022A8C32F00046130 /* SwiftProtobuf in Frameworks */ = {isa = PBXBuildFile; productRef = B66B919F22A8C32F00046130 /* SwiftProtobuf */; };
		B66B91A922A8C37100046130 /* PromiseKit in Frameworks */ = {isa = PBXBuildFile; productRef = B66B91A822A8C37100046130 /* PromiseKit */; };
		B66B91AB22A8C39E00046130 /* stations.pb.swift in Sources */ = {isa = PBXBuildFile; fileRef = B66B91AA22A8C39E00046130 /* stations.pb.swift */; };
		B66B91AD22A8C55100046130 /* clipper.mdst in Resources */ = {isa = PBXBuildFile; fileRef = B66B91AC22A8C3E300046130 /* clipper.mdst */; };
		B69D975722A8FC6E00FA52E4 /* MdST.swift in Sources */ = {isa = PBXBuildFile; fileRef = B69D975622A8FC6E00FA52E4 /* MdST.swift */; };
		B6AF4A7222A73FBE00F9E005 /* AppDelegate.swift in Sources */ = {isa = PBXBuildFile; fileRef = B6AF4A7122A73FBE00F9E005 /* AppDelegate.swift */; };
		B6AF4A7422A73FBE00F9E005 /* SceneDelegate.swift in Sources */ = {isa = PBXBuildFile; fileRef = B6AF4A7322A73FBE00F9E005 /* SceneDelegate.swift */; };
		B6AF4A7822A73FC100F9E005 /* Assets.xcassets in Resources */ = {isa = PBXBuildFile; fileRef = B6AF4A7722A73FC100F9E005 /* Assets.xcassets */; };
		B6AF4A7B22A73FC100F9E005 /* Preview Assets.xcassets in Resources */ = {isa = PBXBuildFile; fileRef = B6AF4A7A22A73FC100F9E005 /* Preview Assets.xcassets */; };
		B6AF4A7E22A73FC100F9E005 /* LaunchScreen.storyboard in Resources */ = {isa = PBXBuildFile; fileRef = B6AF4A7C22A73FC100F9E005 /* LaunchScreen.storyboard */; };
		B6AF4A8722A7403E00F9E005 /* MiFare.swift in Sources */ = {isa = PBXBuildFile; fileRef = B6AF4A8622A7403E00F9E005 /* MiFare.swift */; };
		B6AF4A8922A7412700F9E005 /* NFCReader.swift in Sources */ = {isa = PBXBuildFile; fileRef = B6AF4A8822A7412700F9E005 /* NFCReader.swift */; };
		B6AF4A8D22A743D400F9E005 /* ClipperRefill.swift in Sources */ = {isa = PBXBuildFile; fileRef = B6AF4A8C22A743D400F9E005 /* ClipperRefill.swift */; };
		B6AF4A8F22A74EE900F9E005 /* ClipperTrip.swift in Sources */ = {isa = PBXBuildFile; fileRef = B6AF4A8E22A74EE900F9E005 /* ClipperTrip.swift */; };
		B6AF4A9122A7503A00F9E005 /* Data+Bytes.swift in Sources */ = {isa = PBXBuildFile; fileRef = B6AF4A9022A7503A00F9E005 /* Data+Bytes.swift */; };
		B6AF4A9322A752D800F9E005 /* Utils.swift in Sources */ = {isa = PBXBuildFile; fileRef = B6AF4A9222A752D800F9E005 /* Utils.swift */; };
		B6E9DF1122A8757200CA72D6 /* TransitEventRow.swift in Sources */ = {isa = PBXBuildFile; fileRef = B6E9DF1022A8757200CA72D6 /* TransitEventRow.swift */; };
		B6E9DF1922A8962600CA72D6 /* ClipperTag.swift in Sources */ = {isa = PBXBuildFile; fileRef = B6E9DF1822A8962600CA72D6 /* ClipperTag.swift */; };
		B6E9DF1D22A8A1F100CA72D6 /* TransitStation.swift in Sources */ = {isa = PBXBuildFile; fileRef = B6E9DF1C22A8A1F100CA72D6 /* TransitStation.swift */; };
		B6F59C7122A8562F00406986 /* TransitTag.swift in Sources */ = {isa = PBXBuildFile; fileRef = B6F59C7022A8562F00406986 /* TransitTag.swift */; };
		B6F59C7322A8568200406986 /* TransitTrip.swift in Sources */ = {isa = PBXBuildFile; fileRef = B6F59C7222A8568200406986 /* TransitTrip.swift */; };
		B6F59C7522A8569200406986 /* TransitRefill.swift in Sources */ = {isa = PBXBuildFile; fileRef = B6F59C7422A8569200406986 /* TransitRefill.swift */; };
		B6F59C7722A856BA00406986 /* TransitEvent.swift in Sources */ = {isa = PBXBuildFile; fileRef = B6F59C7622A856BA00406986 /* TransitEvent.swift */; };
		B6F59C7922A856EA00406986 /* ClipperData.swift in Sources */ = {isa = PBXBuildFile; fileRef = B6F59C7822A856EA00406986 /* ClipperData.swift */; };
/* End PBXBuildFile section */

/* Begin PBXFileReference section */
		B63B88F422A7BCD900207C32 /* CardHistoryList.swift */ = {isa = PBXFileReference; lastKnownFileType = sourcecode.swift; path = CardHistoryList.swift; sourceTree = "<group>"; };
		B66B91AA22A8C39E00046130 /* stations.pb.swift */ = {isa = PBXFileReference; fileEncoding = 4; lastKnownFileType = sourcecode.swift; name = stations.pb.swift; path = TransitPal/Models/MDST/stations.pb.swift; sourceTree = SOURCE_ROOT; };
		B66B91AC22A8C3E300046130 /* clipper.mdst */ = {isa = PBXFileReference; lastKnownFileType = file; path = clipper.mdst; sourceTree = "<group>"; };
		B69D975622A8FC6E00FA52E4 /* MdST.swift */ = {isa = PBXFileReference; lastKnownFileType = sourcecode.swift; path = MdST.swift; sourceTree = "<group>"; };
		B6AF4A6E22A73FBE00F9E005 /* TransitPal.app */ = {isa = PBXFileReference; explicitFileType = wrapper.application; includeInIndex = 0; path = TransitPal.app; sourceTree = BUILT_PRODUCTS_DIR; };
		B6AF4A7122A73FBE00F9E005 /* AppDelegate.swift */ = {isa = PBXFileReference; lastKnownFileType = sourcecode.swift; path = AppDelegate.swift; sourceTree = "<group>"; };
		B6AF4A7322A73FBE00F9E005 /* SceneDelegate.swift */ = {isa = PBXFileReference; lastKnownFileType = sourcecode.swift; path = SceneDelegate.swift; sourceTree = "<group>"; };
		B6AF4A7722A73FC100F9E005 /* Assets.xcassets */ = {isa = PBXFileReference; lastKnownFileType = folder.assetcatalog; path = Assets.xcassets; sourceTree = "<group>"; };
		B6AF4A7A22A73FC100F9E005 /* Preview Assets.xcassets */ = {isa = PBXFileReference; lastKnownFileType = folder.assetcatalog; path = "Preview Assets.xcassets"; sourceTree = "<group>"; };
		B6AF4A7D22A73FC100F9E005 /* Base */ = {isa = PBXFileReference; lastKnownFileType = file.storyboard; name = Base; path = Base.lproj/LaunchScreen.storyboard; sourceTree = "<group>"; };
		B6AF4A7F22A73FC100F9E005 /* Info.plist */ = {isa = PBXFileReference; lastKnownFileType = text.plist.xml; path = Info.plist; sourceTree = "<group>"; };
		B6AF4A8522A73FD200F9E005 /* TransitPal.entitlements */ = {isa = PBXFileReference; lastKnownFileType = text.plist.entitlements; path = TransitPal.entitlements; sourceTree = "<group>"; };
		B6AF4A8622A7403E00F9E005 /* MiFare.swift */ = {isa = PBXFileReference; lastKnownFileType = sourcecode.swift; path = MiFare.swift; sourceTree = "<group>"; };
		B6AF4A8822A7412700F9E005 /* NFCReader.swift */ = {isa = PBXFileReference; lastKnownFileType = sourcecode.swift; path = NFCReader.swift; sourceTree = "<group>"; };
		B6AF4A8C22A743D400F9E005 /* ClipperRefill.swift */ = {isa = PBXFileReference; lastKnownFileType = sourcecode.swift; path = ClipperRefill.swift; sourceTree = "<group>"; };
		B6AF4A8E22A74EE900F9E005 /* ClipperTrip.swift */ = {isa = PBXFileReference; lastKnownFileType = sourcecode.swift; path = ClipperTrip.swift; sourceTree = "<group>"; };
		B6AF4A9022A7503A00F9E005 /* Data+Bytes.swift */ = {isa = PBXFileReference; lastKnownFileType = sourcecode.swift; path = "Data+Bytes.swift"; sourceTree = "<group>"; };
		B6AF4A9222A752D800F9E005 /* Utils.swift */ = {isa = PBXFileReference; lastKnownFileType = sourcecode.swift; path = Utils.swift; sourceTree = "<group>"; };
		B6E9DF1022A8757200CA72D6 /* TransitEventRow.swift */ = {isa = PBXFileReference; lastKnownFileType = sourcecode.swift; path = TransitEventRow.swift; sourceTree = "<group>"; };
		B6E9DF1822A8962600CA72D6 /* ClipperTag.swift */ = {isa = PBXFileReference; lastKnownFileType = sourcecode.swift; path = ClipperTag.swift; sourceTree = "<group>"; };
		B6E9DF1C22A8A1F100CA72D6 /* TransitStation.swift */ = {isa = PBXFileReference; lastKnownFileType = sourcecode.swift; path = TransitStation.swift; sourceTree = "<group>"; };
		B6F59C7022A8562F00406986 /* TransitTag.swift */ = {isa = PBXFileReference; lastKnownFileType = sourcecode.swift; path = TransitTag.swift; sourceTree = "<group>"; };
		B6F59C7222A8568200406986 /* TransitTrip.swift */ = {isa = PBXFileReference; lastKnownFileType = sourcecode.swift; path = TransitTrip.swift; sourceTree = "<group>"; };
		B6F59C7422A8569200406986 /* TransitRefill.swift */ = {isa = PBXFileReference; lastKnownFileType = sourcecode.swift; path = TransitRefill.swift; sourceTree = "<group>"; };
		B6F59C7622A856BA00406986 /* TransitEvent.swift */ = {isa = PBXFileReference; lastKnownFileType = sourcecode.swift; path = TransitEvent.swift; sourceTree = "<group>"; };
		B6F59C7822A856EA00406986 /* ClipperData.swift */ = {isa = PBXFileReference; lastKnownFileType = sourcecode.swift; path = ClipperData.swift; sourceTree = "<group>"; };
/* End PBXFileReference section */

/* Begin PBXFrameworksBuildPhase section */
		B6AF4A6B22A73FBE00F9E005 /* Frameworks */ = {
			isa = PBXFrameworksBuildPhase;
			buildActionMask = 2147483647;
			files = (
				B66B91A022A8C32F00046130 /* SwiftProtobuf in Frameworks */,
				B66B91A922A8C37100046130 /* PromiseKit in Frameworks */,
			);
			runOnlyForDeploymentPostprocessing = 0;
		};
/* End PBXFrameworksBuildPhase section */

/* Begin PBXGroup section */
		B66B91AE22A8FB4800046130 /* MdST */ = {
			isa = PBXGroup;
			children = (
				B66B91AA22A8C39E00046130 /* stations.pb.swift */,
				B69D975622A8FC6E00FA52E4 /* MdST.swift */,
			);
			path = MdST;
			sourceTree = "<group>";
		};
		B6AF4A6522A73FBE00F9E005 = {
			isa = PBXGroup;
			children = (
				B6AF4A7022A73FBE00F9E005 /* TransitPal */,
				B6AF4A6F22A73FBE00F9E005 /* Products */,
				B6AF4AAB22A7762A00F9E005 /* Frameworks */,
			);
			sourceTree = "<group>";
		};
		B6AF4A6F22A73FBE00F9E005 /* Products */ = {
			isa = PBXGroup;
			children = (
				B6AF4A6E22A73FBE00F9E005 /* TransitPal.app */,
			);
			name = Products;
			sourceTree = "<group>";
		};
		B6AF4A7022A73FBE00F9E005 /* TransitPal */ = {
			isa = PBXGroup;
			children = (
				B6E9DF1E22A8A94A00CA72D6 /* Views */,
				B6F59C6822A8560300406986 /* Models */,
				B6AF4A8522A73FD200F9E005 /* TransitPal.entitlements */,
				B6AF4A7122A73FBE00F9E005 /* AppDelegate.swift */,
				B6AF4A7322A73FBE00F9E005 /* SceneDelegate.swift */,
				B6AF4A7722A73FC100F9E005 /* Assets.xcassets */,
				B6AF4A7C22A73FC100F9E005 /* LaunchScreen.storyboard */,
				B6AF4A7F22A73FC100F9E005 /* Info.plist */,
				B6AF4A7922A73FC100F9E005 /* Preview Content */,
				B6AF4A8822A7412700F9E005 /* NFCReader.swift */,
				B6AF4A9022A7503A00F9E005 /* Data+Bytes.swift */,
				B6AF4A9222A752D800F9E005 /* Utils.swift */,
			);
			path = TransitPal;
			sourceTree = "<group>";
		};
		B6AF4A7922A73FC100F9E005 /* Preview Content */ = {
			isa = PBXGroup;
			children = (
				B6AF4A7A22A73FC100F9E005 /* Preview Assets.xcassets */,
			);
			path = "Preview Content";
			sourceTree = "<group>";
		};
		B6AF4AAB22A7762A00F9E005 /* Frameworks */ = {
			isa = PBXGroup;
			children = (
			);
			name = Frameworks;
			sourceTree = "<group>";
		};
		B6E9DF1A22A89D2100CA72D6 /* Tag Standards */ = {
			isa = PBXGroup;
			children = (
				B6AF4A8622A7403E00F9E005 /* MiFare.swift */,
			);
			path = "Tag Standards";
			sourceTree = "<group>";
		};
		B6E9DF1B22A8A0DF00CA72D6 /* Tag Implementations */ = {
			isa = PBXGroup;
			children = (
				B6F59C6F22A8561B00406986 /* Clipper */,
			);
			path = "Tag Implementations";
			sourceTree = "<group>";
		};
		B6E9DF1E22A8A94A00CA72D6 /* Views */ = {
			isa = PBXGroup;
			children = (
				B6E9DF1022A8757200CA72D6 /* TransitEventRow.swift */,
				B63B88F422A7BCD900207C32 /* CardHistoryList.swift */,
			);
			path = Views;
			sourceTree = "<group>";
		};
		B6F59C6822A8560300406986 /* Models */ = {
			isa = PBXGroup;
			children = (
				B66B91AE22A8FB4800046130 /* MdST */,
				B6E9DF1B22A8A0DF00CA72D6 /* Tag Implementations */,
				B6E9DF1A22A89D2100CA72D6 /* Tag Standards */,
				B6F59C7022A8562F00406986 /* TransitTag.swift */,
				B6F59C7222A8568200406986 /* TransitTrip.swift */,
				B6F59C7422A8569200406986 /* TransitRefill.swift */,
				B6F59C7622A856BA00406986 /* TransitEvent.swift */,
				B6E9DF1C22A8A1F100CA72D6 /* TransitStation.swift */,
			);
			path = Models;
			sourceTree = "<group>";
		};
		B6F59C6F22A8561B00406986 /* Clipper */ = {
			isa = PBXGroup;
			children = (
				B66B91AC22A8C3E300046130 /* clipper.mdst */,
				B6AF4A8C22A743D400F9E005 /* ClipperRefill.swift */,
				B6AF4A8E22A74EE900F9E005 /* ClipperTrip.swift */,
				B6F59C7822A856EA00406986 /* ClipperData.swift */,
				B6E9DF1822A8962600CA72D6 /* ClipperTag.swift */,
			);
			path = Clipper;
			sourceTree = "<group>";
		};
/* End PBXGroup section */

/* Begin PBXNativeTarget section */
		B6AF4A6D22A73FBE00F9E005 /* TransitPal */ = {
			isa = PBXNativeTarget;
			buildConfigurationList = B6AF4A8222A73FC100F9E005 /* Build configuration list for PBXNativeTarget "TransitPal" */;
			buildPhases = (
				B6AF4A6A22A73FBE00F9E005 /* Sources */,
				B6AF4A6B22A73FBE00F9E005 /* Frameworks */,
				B6AF4A6C22A73FBE00F9E005 /* Resources */,
			);
			buildRules = (
			);
			dependencies = (
			);
			name = TransitPal;
			packageProductDependencies = (
				B66B919F22A8C32F00046130 /* SwiftProtobuf */,
				B66B91A822A8C37100046130 /* PromiseKit */,
			);
			productName = TransitPal;
			productReference = B6AF4A6E22A73FBE00F9E005 /* TransitPal.app */;
			productType = "com.apple.product-type.application";
		};
/* End PBXNativeTarget section */

/* Begin PBXProject section */
		B6AF4A6622A73FBE00F9E005 /* Project object */ = {
			isa = PBXProject;
			attributes = {
				LastSwiftUpdateCheck = 1100;
				LastUpgradeCheck = 1100;
				ORGANIZATIONNAME = "Robert Trencheny";
				TargetAttributes = {
					B6AF4A6D22A73FBE00F9E005 = {
						CreatedOnToolsVersion = 11.0;
					};
				};
			};
			buildConfigurationList = B6AF4A6922A73FBE00F9E005 /* Build configuration list for PBXProject "TransitPal" */;
			compatibilityVersion = "Xcode 9.3";
			developmentRegion = en;
			hasScannedForEncodings = 0;
			knownRegions = (
				en,
				Base,
			);
			mainGroup = B6AF4A6522A73FBE00F9E005;
			packageReferences = (
				B66B919E22A8C32F00046130 /* XCRemoteSwiftPackageReference "swift-protobuf" */,
				B66B91A722A8C37100046130 /* XCRemoteSwiftPackageReference "PromiseKit" */,
			);
			productRefGroup = B6AF4A6F22A73FBE00F9E005 /* Products */;
			projectDirPath = "";
			projectRoot = "";
			targets = (
				B6AF4A6D22A73FBE00F9E005 /* TransitPal */,
			);
		};
/* End PBXProject section */

/* Begin PBXResourcesBuildPhase section */
		B6AF4A6C22A73FBE00F9E005 /* Resources */ = {
			isa = PBXResourcesBuildPhase;
			buildActionMask = 2147483647;
			files = (
				B66B91AD22A8C55100046130 /* clipper.mdst in Resources */,
				B6AF4A7E22A73FC100F9E005 /* LaunchScreen.storyboard in Resources */,
				B6AF4A7B22A73FC100F9E005 /* Preview Assets.xcassets in Resources */,
				B6AF4A7822A73FC100F9E005 /* Assets.xcassets in Resources */,
			);
			runOnlyForDeploymentPostprocessing = 0;
		};
/* End PBXResourcesBuildPhase section */

/* Begin PBXSourcesBuildPhase section */
		B6AF4A6A22A73FBE00F9E005 /* Sources */ = {
			isa = PBXSourcesBuildPhase;
			buildActionMask = 2147483647;
			files = (
				B6F59C7322A8568200406986 /* TransitTrip.swift in Sources */,
				B6AF4A8F22A74EE900F9E005 /* ClipperTrip.swift in Sources */,
				B6AF4A7222A73FBE00F9E005 /* AppDelegate.swift in Sources */,
				B6AF4A9322A752D800F9E005 /* Utils.swift in Sources */,
				B6F59C7722A856BA00406986 /* TransitEvent.swift in Sources */,
				B6AF4A7422A73FBE00F9E005 /* SceneDelegate.swift in Sources */,
				B6F59C7522A8569200406986 /* TransitRefill.swift in Sources */,
				B6E9DF1922A8962600CA72D6 /* ClipperTag.swift in Sources */,
				B63B88F522A7BCD900207C32 /* CardHistoryList.swift in Sources */,
				B6AF4A8D22A743D400F9E005 /* ClipperRefill.swift in Sources */,
				B6AF4A8922A7412700F9E005 /* NFCReader.swift in Sources */,
				B6F59C7922A856EA00406986 /* ClipperData.swift in Sources */,
				B6AF4A8722A7403E00F9E005 /* MiFare.swift in Sources */,
				B69D975722A8FC6E00FA52E4 /* MdST.swift in Sources */,
				B6AF4A9122A7503A00F9E005 /* Data+Bytes.swift in Sources */,
				B6F59C7122A8562F00406986 /* TransitTag.swift in Sources */,
				B66B91AB22A8C39E00046130 /* stations.pb.swift in Sources */,
				B6E9DF1D22A8A1F100CA72D6 /* TransitStation.swift in Sources */,
				B6E9DF1122A8757200CA72D6 /* TransitEventRow.swift in Sources */,
			);
			runOnlyForDeploymentPostprocessing = 0;
		};
/* End PBXSourcesBuildPhase section */

/* Begin PBXVariantGroup section */
		B6AF4A7C22A73FC100F9E005 /* LaunchScreen.storyboard */ = {
			isa = PBXVariantGroup;
			children = (
				B6AF4A7D22A73FC100F9E005 /* Base */,
			);
			name = LaunchScreen.storyboard;
			sourceTree = "<group>";
		};
/* End PBXVariantGroup section */

/* Begin XCBuildConfiguration section */
		B6AF4A8022A73FC100F9E005 /* Debug */ = {
			isa = XCBuildConfiguration;
			buildSettings = {
				ALWAYS_SEARCH_USER_PATHS = NO;
				CLANG_ANALYZER_NONNULL = YES;
				CLANG_ANALYZER_NUMBER_OBJECT_CONVERSION = YES_AGGRESSIVE;
				CLANG_CXX_LANGUAGE_STANDARD = "gnu++14";
				CLANG_CXX_LIBRARY = "libc++";
				CLANG_ENABLE_MODULES = YES;
				CLANG_ENABLE_OBJC_ARC = YES;
				CLANG_ENABLE_OBJC_WEAK = YES;
				CLANG_WARN_BLOCK_CAPTURE_AUTORELEASING = YES;
				CLANG_WARN_BOOL_CONVERSION = YES;
				CLANG_WARN_COMMA = YES;
				CLANG_WARN_CONSTANT_CONVERSION = YES;
				CLANG_WARN_DEPRECATED_OBJC_IMPLEMENTATIONS = YES;
				CLANG_WARN_DIRECT_OBJC_ISA_USAGE = YES_ERROR;
				CLANG_WARN_DOCUMENTATION_COMMENTS = YES;
				CLANG_WARN_EMPTY_BODY = YES;
				CLANG_WARN_ENUM_CONVERSION = YES;
				CLANG_WARN_INFINITE_RECURSION = YES;
				CLANG_WARN_INT_CONVERSION = YES;
				CLANG_WARN_NON_LITERAL_NULL_CONVERSION = YES;
				CLANG_WARN_OBJC_IMPLICIT_RETAIN_SELF = YES;
				CLANG_WARN_OBJC_LITERAL_CONVERSION = YES;
				CLANG_WARN_OBJC_ROOT_CLASS = YES_ERROR;
				CLANG_WARN_RANGE_LOOP_ANALYSIS = YES;
				CLANG_WARN_STRICT_PROTOTYPES = YES;
				CLANG_WARN_SUSPICIOUS_MOVE = YES;
				CLANG_WARN_UNGUARDED_AVAILABILITY = YES_AGGRESSIVE;
				CLANG_WARN_UNREACHABLE_CODE = YES;
				CLANG_WARN__DUPLICATE_METHOD_MATCH = YES;
				COPY_PHASE_STRIP = NO;
				DEBUG_INFORMATION_FORMAT = dwarf;
				ENABLE_STRICT_OBJC_MSGSEND = YES;
				ENABLE_TESTABILITY = YES;
				GCC_C_LANGUAGE_STANDARD = gnu11;
				GCC_DYNAMIC_NO_PIC = NO;
				GCC_NO_COMMON_BLOCKS = YES;
				GCC_OPTIMIZATION_LEVEL = 0;
				GCC_PREPROCESSOR_DEFINITIONS = (
					"DEBUG=1",
					"$(inherited)",
				);
				GCC_WARN_64_TO_32_BIT_CONVERSION = YES;
				GCC_WARN_ABOUT_RETURN_TYPE = YES_ERROR;
				GCC_WARN_UNDECLARED_SELECTOR = YES;
				GCC_WARN_UNINITIALIZED_AUTOS = YES_AGGRESSIVE;
				GCC_WARN_UNUSED_FUNCTION = YES;
				GCC_WARN_UNUSED_VARIABLE = YES;
				IPHONEOS_DEPLOYMENT_TARGET = 13.0;
				MTL_ENABLE_DEBUG_INFO = INCLUDE_SOURCE;
				MTL_FAST_MATH = YES;
				ONLY_ACTIVE_ARCH = YES;
				SDKROOT = iphoneos;
				SWIFT_ACTIVE_COMPILATION_CONDITIONS = DEBUG;
				SWIFT_OPTIMIZATION_LEVEL = "-Onone";
			};
			name = Debug;
		};
		B6AF4A8122A73FC100F9E005 /* Release */ = {
			isa = XCBuildConfiguration;
			buildSettings = {
				ALWAYS_SEARCH_USER_PATHS = NO;
				CLANG_ANALYZER_NONNULL = YES;
				CLANG_ANALYZER_NUMBER_OBJECT_CONVERSION = YES_AGGRESSIVE;
				CLANG_CXX_LANGUAGE_STANDARD = "gnu++14";
				CLANG_CXX_LIBRARY = "libc++";
				CLANG_ENABLE_MODULES = YES;
				CLANG_ENABLE_OBJC_ARC = YES;
				CLANG_ENABLE_OBJC_WEAK = YES;
				CLANG_WARN_BLOCK_CAPTURE_AUTORELEASING = YES;
				CLANG_WARN_BOOL_CONVERSION = YES;
				CLANG_WARN_COMMA = YES;
				CLANG_WARN_CONSTANT_CONVERSION = YES;
				CLANG_WARN_DEPRECATED_OBJC_IMPLEMENTATIONS = YES;
				CLANG_WARN_DIRECT_OBJC_ISA_USAGE = YES_ERROR;
				CLANG_WARN_DOCUMENTATION_COMMENTS = YES;
				CLANG_WARN_EMPTY_BODY = YES;
				CLANG_WARN_ENUM_CONVERSION = YES;
				CLANG_WARN_INFINITE_RECURSION = YES;
				CLANG_WARN_INT_CONVERSION = YES;
				CLANG_WARN_NON_LITERAL_NULL_CONVERSION = YES;
				CLANG_WARN_OBJC_IMPLICIT_RETAIN_SELF = YES;
				CLANG_WARN_OBJC_LITERAL_CONVERSION = YES;
				CLANG_WARN_OBJC_ROOT_CLASS = YES_ERROR;
				CLANG_WARN_RANGE_LOOP_ANALYSIS = YES;
				CLANG_WARN_STRICT_PROTOTYPES = YES;
				CLANG_WARN_SUSPICIOUS_MOVE = YES;
				CLANG_WARN_UNGUARDED_AVAILABILITY = YES_AGGRESSIVE;
				CLANG_WARN_UNREACHABLE_CODE = YES;
				CLANG_WARN__DUPLICATE_METHOD_MATCH = YES;
				COPY_PHASE_STRIP = NO;
				DEBUG_INFORMATION_FORMAT = "dwarf-with-dsym";
				ENABLE_NS_ASSERTIONS = NO;
				ENABLE_STRICT_OBJC_MSGSEND = YES;
				GCC_C_LANGUAGE_STANDARD = gnu11;
				GCC_NO_COMMON_BLOCKS = YES;
				GCC_WARN_64_TO_32_BIT_CONVERSION = YES;
				GCC_WARN_ABOUT_RETURN_TYPE = YES_ERROR;
				GCC_WARN_UNDECLARED_SELECTOR = YES;
				GCC_WARN_UNINITIALIZED_AUTOS = YES_AGGRESSIVE;
				GCC_WARN_UNUSED_FUNCTION = YES;
				GCC_WARN_UNUSED_VARIABLE = YES;
				IPHONEOS_DEPLOYMENT_TARGET = 13.0;
				MTL_ENABLE_DEBUG_INFO = NO;
				MTL_FAST_MATH = YES;
				SDKROOT = iphoneos;
				SWIFT_COMPILATION_MODE = wholemodule;
				SWIFT_OPTIMIZATION_LEVEL = "-O";
				VALIDATE_PRODUCT = YES;
			};
			name = Release;
		};
		B6AF4A8322A73FC100F9E005 /* Debug */ = {
			isa = XCBuildConfiguration;
			buildSettings = {
				ASSETCATALOG_COMPILER_APPICON_NAME = AppIcon;
				CODE_SIGN_ENTITLEMENTS = TransitPal/TransitPal.entitlements;
				CODE_SIGN_STYLE = Automatic;
				DEVELOPMENT_ASSET_PATHS = "TransitPal/Preview\\ Content";
				DEVELOPMENT_TEAM = UTQFCBPQRF;
				ENABLE_PREVIEWS = YES;
				INFOPLIST_FILE = TransitPal/Info.plist;
				LD_RUNPATH_SEARCH_PATHS = (
					"$(inherited)",
					"@executable_path/Frameworks",
				);
				PRODUCT_BUNDLE_IDENTIFIER = io.robbie.TransitPal;
				PRODUCT_NAME = "$(TARGET_NAME)";
				SWIFT_VERSION = 5.0;
				TARGETED_DEVICE_FAMILY = "1,2";
			};
			name = Debug;
		};
		B6AF4A8422A73FC100F9E005 /* Release */ = {
			isa = XCBuildConfiguration;
			buildSettings = {
				ASSETCATALOG_COMPILER_APPICON_NAME = AppIcon;
				CODE_SIGN_ENTITLEMENTS = TransitPal/TransitPal.entitlements;
				CODE_SIGN_STYLE = Automatic;
				DEVELOPMENT_ASSET_PATHS = "TransitPal/Preview\\ Content";
				DEVELOPMENT_TEAM = UTQFCBPQRF;
				ENABLE_PREVIEWS = YES;
				INFOPLIST_FILE = TransitPal/Info.plist;
				LD_RUNPATH_SEARCH_PATHS = (
					"$(inherited)",
					"@executable_path/Frameworks",
				);
				PRODUCT_BUNDLE_IDENTIFIER = io.robbie.TransitPal;
				PRODUCT_NAME = "$(TARGET_NAME)";
				SWIFT_VERSION = 5.0;
				TARGETED_DEVICE_FAMILY = "1,2";
			};
			name = Release;
		};
/* End XCBuildConfiguration section */

/* Begin XCConfigurationList section */
		B6AF4A6922A73FBE00F9E005 /* Build configuration list for PBXProject "TransitPal" */ = {
			isa = XCConfigurationList;
			buildConfigurations = (
				B6AF4A8022A73FC100F9E005 /* Debug */,
				B6AF4A8122A73FC100F9E005 /* Release */,
			);
			defaultConfigurationIsVisible = 0;
			defaultConfigurationName = Release;
		};
		B6AF4A8222A73FC100F9E005 /* Build configuration list for PBXNativeTarget "TransitPal" */ = {
			isa = XCConfigurationList;
			buildConfigurations = (
				B6AF4A8322A73FC100F9E005 /* Debug */,
				B6AF4A8422A73FC100F9E005 /* Release */,
			);
			defaultConfigurationIsVisible = 0;
			defaultConfigurationName = Release;
		};
/* End XCConfigurationList section */

/* Begin XCRemoteSwiftPackageReference section */
		B66B919E22A8C32F00046130 /* XCRemoteSwiftPackageReference "swift-protobuf" */ = {
			isa = XCRemoteSwiftPackageReference;
			repositoryURL = "https://github.com/apple/swift-protobuf.git";
			requirement = {
				kind = upToNextMajorVersion;
				minimumVersion = 1.5.0;
			};
		};
		B66B91A722A8C37100046130 /* XCRemoteSwiftPackageReference "PromiseKit" */ = {
			isa = XCRemoteSwiftPackageReference;
			repositoryURL = "https://github.com/mxcl/PromiseKit.git";
			requirement = {
				branch = v7;
				kind = branch;
			};
		};
/* End XCRemoteSwiftPackageReference section */

/* Begin XCSwiftPackageProductDependency section */
		B66B919F22A8C32F00046130 /* SwiftProtobuf */ = {
			isa = XCSwiftPackageProductDependency;
			package = B66B919E22A8C32F00046130 /* XCRemoteSwiftPackageReference "swift-protobuf" */;
			productName = SwiftProtobuf;
		};
		B66B91A822A8C37100046130 /* PromiseKit */ = {
			isa = XCSwiftPackageProductDependency;
			package = B66B91A722A8C37100046130 /* XCRemoteSwiftPackageReference "PromiseKit" */;
			productName = PromiseKit;
		};
/* End XCSwiftPackageProductDependency section */
	};
	rootObject = B6AF4A6622A73FBE00F9E005 /* Project object */;
}
